
Microsoft Visual Studio Solution File, Format Version 12.00
# Visual Studio Version 16
VisualStudioVersion = 16.0.36631.11
MinimumVisualStudioVersion = 10.0.40219.1
Project("{FAE04EC0-301F-11D3-BF4B-00C04F79EFBC}") = "ex01", "ex01\ex01.csproj", "{1BCC1C6F-9D0C-4D32-B932-997B1F797A19}"
EndProject
Project("{FAE04EC0-301F-11D3-BF4B-00C04F79EFBC}") = "ex02", "ex02\ex02.csproj", "{371E8852-EB3E-465F-8CF3-6FDF31BC06A8}"
EndProject
Project("{FAE04EC0-301F-11D3-BF4B-00C04F79EFBC}") = "ex03", "ex03\ex03.csproj", "{B968798F-BB3E-4737-B5B5-DEC267D3E540}"
EndProject
Global
	GlobalSection(SolutionConfigurationPlatforms) = preSolution
		Debug|Any CPU = Debug|Any CPU
		Debug|x64 = Debug|x64
		Release|Any CPU = Release|Any CPU
		Release|x64 = Release|x64
	EndGlobalSection
	GlobalSection(ProjectConfigurationPlatforms) = postSolution
		{1BCC1C6F-9D0C-4D32-B932-997B1F797A19}.Debug|Any CPU.ActiveCfg = Debug|x64
		{1BCC1C6F-9D0C-4D32-B932-997B1F797A19}.Debug|x64.ActiveCfg = Debug|x64
		{1BCC1C6F-9D0C-4D32-B932-997B1F797A19}.Debug|x64.Build.0 = Debug|x64
		{1BCC1C6F-9D0C-4D32-B932-997B1F797A19}.Release|Any CPU.ActiveCfg = Release|x64
		{1BCC1C6F-9D0C-4D32-B932-997B1F797A19}.Release|x64.ActiveCfg = Release|x64
		{1BCC1C6F-9D0C-4D32-B932-997B1F797A19}.Release|x64.Build.0 = Release|x64
		{371E8852-EB3E-465F-8CF3-6FDF31BC06A8}.Debug|Any CPU.ActiveCfg = Debug|x64
		{371E8852-EB3E-465F-8CF3-6FDF31BC06A8}.Debug|x64.ActiveCfg = Debug|x64
		{371E8852-EB3E-465F-8CF3-6FDF31BC06A8}.Debug|x64.Build.0 = Debug|x64
		{371E8852-EB3E-465F-8CF3-6FDF31BC06A8}.Release|Any CPU.ActiveCfg = Release|x64
		{371E8852-EB3E-465F-8CF3-6FDF31BC06A8}.Release|x64.ActiveCfg = Release|x64
		{B968798F-BB3E-4737-B5B5-DEC267D3E540}.Debug|Any CPU.ActiveCfg = Debug|x64
		{B968798F-BB3E-4737-B5B5-DEC267D3E540}.Debug|x64.ActiveCfg = Debug|x64
		{B968798F-BB3E-4737-B5B5-DEC267D3E540}.Debug|x64.Build.0 = Debug|x64
		{B968798F-BB3E-4737-B5B5-DEC267D3E540}.Release|Any CPU.ActiveCfg = Release|x64
		{B968798F-BB3E-4737-B5B5-DEC267D3E540}.Release|x64.ActiveCfg = Release|x64
	EndGlobalSection
	GlobalSection(SolutionProperties) = preSolution
		HideSolutionNode = FALSE
	EndGlobalSection
	GlobalSection(ExtensibilityGlobals) = postSolution
		SolutionGuid = {099D8F79-DF36-470A-BCE9-99358844E99E}
	EndGlobalSection
EndGlobal
